// !$*UTF8*$!
{
	archiveVersion = 1;
	classes = {
	};
	objectVersion = 52;
	objects = {

/* Begin PBXBuildFile section */
		0207DA581B56EA530066E2B4 /* Images.xcassets in Resources */ = {isa = PBXBuildFile; fileRef = 0207DA571B56EA530066E2B4 /* Images.xcassets */; };
		1D3623260D0F684500981E51 /* AppDelegate.m in Sources */ = {isa = PBXBuildFile; fileRef = 1D3623250D0F684500981E51 /* AppDelegate.m */; };
		1D60589B0D05DD56006BFB54 /* main.m in Sources */ = {isa = PBXBuildFile; fileRef = 29B97316FDCFA39411CA2CEA /* main.m */; };
		301BF552109A68D80062928A /* libCordova.a in Frameworks */ = {isa = PBXBuildFile; fileRef = 301BF535109A57CC0062928A /* libCordova.a */; settings = {ATTRIBUTES = (Required, ); }; };
		302D95F114D2391D003F00A1 /* MainViewController.m in Sources */ = {isa = PBXBuildFile; fileRef = 302D95EF14D2391D003F00A1 /* MainViewController.m */; };
		302D95F214D2391D003F00A1 /* MainViewController.xib in Resources */ = {isa = PBXBuildFile; fileRef = 302D95F014D2391D003F00A1 /* MainViewController.xib */; };
		6AFF5BF91D6E424B00AB3073 /* CDVLaunchScreen.storyboard in Resources */ = {isa = PBXBuildFile; fileRef = 6AFF5BF81D6E424B00AB3073 /* CDVLaunchScreen.storyboard */; };
		D9B0F4475CE94A54BC9132C1 /* CDVDevice.m in Sources */ = {isa = PBXBuildFile; fileRef = 1E0C7453EAAF4716AC3D5E3B /* CDVDevice.m */; };
		5C6B398485EA4C6EAFCA00A8 /* CDVIonicKeyboard.m in Sources */ = {isa = PBXBuildFile; fileRef = 33C63D8B13BD4CF48790F9E6 /* CDVIonicKeyboard.m */; };
		21BC4503F75044CBB72507BD /* CDVWKWebViewEngine.m in Sources */ = {isa = PBXBuildFile; fileRef = F6278F778731433885C6BFE3 /* CDVWKWebViewEngine.m */; };
		7D8A8B132F3745B089F00625 /* CDVWKWebViewUIDelegate.m in Sources */ = {isa = PBXBuildFile; fileRef = 175A730AB62E472BA0A73D3E /* CDVWKWebViewUIDelegate.m */; };
		C72B59DB0AD74C87AE367A67 /* CDVWKProcessPoolFactory.m in Sources */ = {isa = PBXBuildFile; fileRef = 2647FD66AA0A4AC6A924ACE7 /* CDVWKProcessPoolFactory.m */; };
		26C0154C1A8A45FAB1F765C6 /* IONAssetHandler.m in Sources */ = {isa = PBXBuildFile; fileRef = CD90A27DB1FD4BA4A1D27917 /* IONAssetHandler.m */; };
		A68F7F07DEA646ADB8FB0B47 /* WebKit.framework in Frameworks */ = {isa = PBXBuildFile; fileRef = 9507C69D41A148589197BAD5 /* WebKit.framework */; settings = {ATTRIBUTES = (Weak, ); }; };
		734B0A9269B949E493DA292C /* CDVSplashScreen.m in Sources */ = {isa = PBXBuildFile; fileRef = 87AAF7E68B39497BADEABFD4 /* CDVSplashScreen.m */; };
		CB073F51642C4D6D975F8FF1 /* CDVViewController+SplashScreen.m in Sources */ = {isa = PBXBuildFile; fileRef = 91B707302CEF407EB7FF4FDD /* CDVViewController+SplashScreen.m */; };
		1F05A842D9584E668DFB09A5 /* CDVStatusBar.m in Sources */ = {isa = PBXBuildFile; fileRef = 517531AD54B44594AC5E84BE /* CDVStatusBar.m */; };
		6A2E66DF6F24451CBB849202 /* APPEmailComposer.m in Sources */ = {isa = PBXBuildFile; fileRef = C2B22C185515404484410A59 /* APPEmailComposer.m */; };
		66E57F950D0441AFB2FFD312 /* APPEmailComposerImpl.m in Sources */ = {isa = PBXBuildFile; fileRef = DDADB6C672A1466190540A77 /* APPEmailComposerImpl.m */; };
		7F67607A3C0A442483809286 /* MessageUI.framework in Frameworks */ = {isa = PBXBuildFile; fileRef = 06409565D6684354A0769D17 /* MessageUI.framework */; };
		1E40947AF93C4EC1A6D62959 /* CardIOCordovaPlugin.m in Sources */ = {isa = PBXBuildFile; fileRef = 56CDB2B19CD942648274762C /* CardIOCordovaPlugin.m */; };
		76CBEFD9065A4E66ACCF9EFE /* libCardIO.a in Frameworks */ = {isa = PBXBuildFile; fileRef = 98EA8C0B25C64F94A673A16A /* libCardIO.a */; };
		7304CC21025943DF933CA17D /* libopencv_core.a in Frameworks */ = {isa = PBXBuildFile; fileRef = 5BAC32B1BB3644199D944199 /* libopencv_core.a */; };
		F9883814895648EFA3E25E26 /* libopencv_imgproc.a in Frameworks */ = {isa = PBXBuildFile; fileRef = 17C12DC7895440DDBB26ECC6 /* libopencv_imgproc.a */; };
		51200AAE8CB545D885348CCF /* Accelerate.framework in Frameworks */ = {isa = PBXBuildFile; fileRef = B26D5481604644B29EF3F537 /* Accelerate.framework */; };
		C6195099AB9940FDBE76FF01 /* AudioToolbox.framework in Frameworks */ = {isa = PBXBuildFile; fileRef = B30E2BD283AD4D8FB062A973 /* AudioToolbox.framework */; };
		50ACD8E1C3824859AE0E41C0 /* AVFoundation.framework in Frameworks */ = {isa = PBXBuildFile; fileRef = D375B7ECF2A740EF9A06460B /* AVFoundation.framework */; };
		62D3A1BC05474E3AB812DC92 /* CoreMedia.framework in Frameworks */ = {isa = PBXBuildFile; fileRef = 06B0EEEF19C14CA785134994 /* CoreMedia.framework */; };
		2659D6E359114E6EB0B5B181 /* CoreVideo.framework in Frameworks */ = {isa = PBXBuildFile; fileRef = 09F0FAE29CEC463480189422 /* CoreVideo.framework */; };
		6F248EE471374B23BD508744 /* Foundation.framework in Frameworks */ = {isa = PBXBuildFile; fileRef = 779B55D3713F4D9DB2FAD5C2 /* Foundation.framework */; };
		5163C5D8D29F4E1295A92124 /* OpenGLES.framework in Frameworks */ = {isa = PBXBuildFile; fileRef = BD2467CAA34F4AA3A6404FEB /* OpenGLES.framework */; };
		BA28D9C5BB5D412D95C0D660 /* QuartzCore.framework in Frameworks */ = {isa = PBXBuildFile; fileRef = E00764B6627C4551B9DD3E7A /* QuartzCore.framework */; };
		A1195BA598DE40E9B16B0766 /* Security.framework in Frameworks */ = {isa = PBXBuildFile; fileRef = 46984913DC8E4B4C911E7157 /* Security.framework */; };
		F551C9723AFA416E8B6EC0CD /* UIKit.framework in Frameworks */ = {isa = PBXBuildFile; fileRef = 0EBC13C02D0840A083DF1EE0 /* UIKit.framework */; };
		3A497365BDE9431B92C6B8FF /* libc++.dylib in Frameworks */ = {isa = PBXBuildFile; fileRef = 50CE74E072C4452995FB125B /* libc++.dylib */; };
		D5A6B679C3CB4AB689CD4D8C /* PayPalMobileCordovaPlugin.m in Sources */ = {isa = PBXBuildFile; fileRef = 4636AA76167A45F1AD546D80 /* PayPalMobileCordovaPlugin.m */; };
		39BF5379F83E4A779E904C16 /* libPayPalMobile.a in Frameworks */ = {isa = PBXBuildFile; fileRef = 72A37784B31240B68E26FECA /* libPayPalMobile.a */; };
		A1BB26E1EF364470BCEEA450 /* CFNetwork.framework in Frameworks */ = {isa = PBXBuildFile; fileRef = 7A89096CD5BF461198370436 /* CFNetwork.framework */; };
		DD7A9685ECB14781BDB4BF2E /* CoreLocation.framework in Frameworks */ = {isa = PBXBuildFile; fileRef = 99EED6BE514D481DA521F4B2 /* CoreLocation.framework */; settings = {ATTRIBUTES = (Weak, ); }; };
		69AB471C85F64ECC9A083B47 /* SafariServices.framework in Frameworks */ = {isa = PBXBuildFile; fileRef = 0B406DBC92684DFD99408CBB /* SafariServices.framework */; };
		98A993869E3A457F8E36AFFA /* SystemConfiguration.framework in Frameworks */ = {isa = PBXBuildFile; fileRef = 857796904DB147EB93B98C7B /* SystemConfiguration.framework */; };
		FE3F3578A68047408A5778AA /* libPayPalMobile.a in Frameworks */ = {isa = PBXBuildFile; fileRef = 3791EE0FE66D4AB8BE9A874E /* libPayPalMobile.a */; };
		55ACA27D94124B51B0CCFA8A /* NativeGeocoder.swift in Sources */ = {isa = PBXBuildFile; fileRef = 8CC74732CA9B4641BDB91526 /* NativeGeocoder.swift */; };
		9719F220534A4BBB9BD965D4 /* CDVLocation.m in Sources */ = {isa = PBXBuildFile; fileRef = CB7D75EA7F8749C0AE0B2680 /* CDVLocation.m */; };
		DE676914E06943B5AA33E800 /* SMTPClient.m in Sources */ = {isa = PBXBuildFile; fileRef = 62145767F3F9493CA40308CB /* SMTPClient.m */; };
		EB1D8AC207754FD78E2F6E7C /* Base64Transcoder.m in Sources */ = {isa = PBXBuildFile; fileRef = C40DC5E1CADC45E6BBF2FA4D /* Base64Transcoder.m */; };
		93F0D4EE044C4D2FA1E4075A /* HSK_CFUtilities.m in Sources */ = {isa = PBXBuildFile; fileRef = B7D9C4D19E734B53A8B1CCC8 /* HSK_CFUtilities.m */; };
		8C3FC41CF3784B4FA0BF63AA /* NSData+Base64Additions.m in Sources */ = {isa = PBXBuildFile; fileRef = DAE361EFDF824A6BA8DE69E9 /* NSData+Base64Additions.m */; };
		04262C5553334CAAA082DAA0 /* NSStream+SKPSMTPExtensions.m in Sources */ = {isa = PBXBuildFile; fileRef = 922962554F07415EB2CC73F9 /* NSStream+SKPSMTPExtensions.m */; };
		CB48A82C396F4B3E946E9A11 /* SKPSMTPMessage.m in Sources */ = {isa = PBXBuildFile; fileRef = EEDD163756194FC28BCA3DE6 /* SKPSMTPMessage.m */; };
/* End PBXBuildFile section */

/* Begin PBXContainerItemProxy section */
		301BF534109A57CC0062928A /* PBXContainerItemProxy */ = {
			isa = PBXContainerItemProxy;
			containerPortal = 301BF52D109A57CC0062928A /* CordovaLib/CordovaLib.xcodeproj */;
			proxyType = 2;
			remoteGlobalIDString = D2AAC07E0554694100DB518D;
			remoteInfo = CordovaLib;
		};
		301BF550109A68C00062928A /* PBXContainerItemProxy */ = {
			isa = PBXContainerItemProxy;
			containerPortal = 301BF52D109A57CC0062928A /* CordovaLib/CordovaLib.xcodeproj */;
			proxyType = 1;
			remoteGlobalIDString = D2AAC07D0554694100DB518D;
			remoteInfo = CordovaLib;
		};
		907D8123214C687600058A10 /* PBXContainerItemProxy */ = {
			isa = PBXContainerItemProxy;
			containerPortal = 301BF52D109A57CC0062928A /* CordovaLib/CordovaLib.xcodeproj */;
			proxyType = 2;
			remoteGlobalIDString = C0C01EB21E3911D50056E6CB;
			remoteInfo = Cordova;
		};
/* End PBXContainerItemProxy section */

/* Begin PBXFileReference section */
		0207DA571B56EA530066E2B4 /* Images.xcassets */ = {isa = PBXFileReference; lastKnownFileType = folder.assetcatalog; name = Images.xcassets; path = "MyApp/Images.xcassets"; sourceTree = SOURCE_ROOT; };
		1D3623240D0F684500981E51 /* AppDelegate.h */ = {isa = PBXFileReference; fileEncoding = 4; lastKnownFileType = sourcecode.c.h; path = AppDelegate.h; sourceTree = "<group>"; };
		1D3623250D0F684500981E51 /* AppDelegate.m */ = {isa = PBXFileReference; fileEncoding = 4; lastKnownFileType = sourcecode.c.objc; path = AppDelegate.m; sourceTree = "<group>"; };
		1D6058910D05DD3D006BFB54 /* MyApp.app */ = {isa = PBXFileReference; explicitFileType = wrapper.application; includeInIndex = 0; path = "MyApp.app"; sourceTree = BUILT_PRODUCTS_DIR; };
		29B97316FDCFA39411CA2CEA /* main.m */ = {isa = PBXFileReference; fileEncoding = 4; lastKnownFileType = sourcecode.c.objc; path = main.m; sourceTree = "<group>"; };
		301BF52D109A57CC0062928A /* CordovaLib/CordovaLib.xcodeproj */ = {isa = PBXFileReference; lastKnownFileType = "wrapper.pb-project"; name = CordovaLib.xcodeproj; path = CordovaLib\CordovaLib.xcodeproj; sourceTree = "<group>"; };
		301BF56E109A69640062928A /* www */ = {isa = PBXFileReference; lastKnownFileType = folder; path = www; sourceTree = SOURCE_ROOT; };
		302D95EE14D2391D003F00A1 /* MainViewController.h */ = {isa = PBXFileReference; fileEncoding = 4; lastKnownFileType = sourcecode.c.h; path = MainViewController.h; sourceTree = "<group>"; };
		302D95EF14D2391D003F00A1 /* MainViewController.m */ = {isa = PBXFileReference; fileEncoding = 4; lastKnownFileType = sourcecode.c.objc; path = MainViewController.m; sourceTree = "<group>"; };
		302D95F014D2391D003F00A1 /* MainViewController.xib */ = {isa = PBXFileReference; fileEncoding = 4; lastKnownFileType = file.xib; path = MainViewController.xib; sourceTree = "<group>"; };
		3047A50F1AB8059700498E2A /* build-debug.xcconfig */ = {isa = PBXFileReference; fileEncoding = 4; lastKnownFileType = text.xcconfig; name = "build-debug.xcconfig"; path = "cordova/build-debug.xcconfig"; sourceTree = SOURCE_ROOT; };
		3047A5101AB8059700498E2A /* build-release.xcconfig */ = {isa = PBXFileReference; fileEncoding = 4; lastKnownFileType = text.xcconfig; name = "build-release.xcconfig"; path = "cordova/build-release.xcconfig"; sourceTree = SOURCE_ROOT; };
		3047A5111AB8059700498E2A /* build.xcconfig */ = {isa = PBXFileReference; fileEncoding = 4; lastKnownFileType = text.xcconfig; name = build.xcconfig; path = cordova/build.xcconfig; sourceTree = SOURCE_ROOT; };
		32CA4F630368D1EE00C91783 /* MyApp-Prefix.pch */ = {isa = PBXFileReference; fileEncoding = 4; lastKnownFileType = sourcecode.c.h; path = "MyApp-Prefix.pch"; sourceTree = "<group>"; };
		6AFF5BF81D6E424B00AB3073 /* CDVLaunchScreen.storyboard */ = {isa = PBXFileReference; fileEncoding = 4; lastKnownFileType = file.storyboard; name = CDVLaunchScreen.storyboard; path = "MyApp/CDVLaunchScreen.storyboard"; sourceTree = SOURCE_ROOT; };
		8D1107310486CEB800E47090 /* MyApp-Info.plist */ = {isa = PBXFileReference; fileEncoding = 4; lastKnownFileType = text.plist.xml; name = "MyApp-Info.plist"; path = "MyApp/MyApp-Info.plist"; plistStructureDefinitionIdentifier = "com.apple.xcode.plist.structure-definition.iphone.info-plist"; sourceTree = SOURCE_ROOT; };
		EB87FDF31871DA8E0020F90C /* www */ = {isa = PBXFileReference; lastKnownFileType = folder; name = www; path = ../../www; sourceTree = "<group>"; };
		EB87FDF41871DAF40020F90C /* config.xml */ = {isa = PBXFileReference; lastKnownFileType = text.xml; name = config.xml; path = ../../config.xml; sourceTree = "<group>"; };
		ED33DF2A687741AEAF9F8254 /* Bridging-Header.h */ = {isa = PBXFileReference; fileEncoding = 4; lastKnownFileType = sourcecode.c.h; path = "Bridging-Header.h"; sourceTree = "<group>"; };
		F840E1F0165FE0F500CFE078 /* config.xml */ = {isa = PBXFileReference; lastKnownFileType = text.xml; name = config.xml; path = "MyApp/config.xml"; sourceTree = "<group>"; };
		1E0C7453EAAF4716AC3D5E3B /* CDVDevice.m */ = {isa = PBXFileReference; name = "CDVDevice.m"; path = "cordova-plugin-device/CDVDevice.m"; sourceTree = "<group>"; fileEncoding = 4; lastKnownFileType = sourcecode.c.objc; explicitFileType = undefined; includeInIndex = 0; };
		28F1E6F078FA47C8BD04F373 /* CDVDevice.h */ = {isa = PBXFileReference; name = "CDVDevice.h"; path = "cordova-plugin-device/CDVDevice.h"; sourceTree = "<group>"; fileEncoding = 4; lastKnownFileType = sourcecode.c.h; explicitFileType = undefined; includeInIndex = 0; };
		33C63D8B13BD4CF48790F9E6 /* CDVIonicKeyboard.m */ = {isa = PBXFileReference; name = "CDVIonicKeyboard.m"; path = "cordova-plugin-ionic-keyboard/CDVIonicKeyboard.m"; sourceTree = "<group>"; fileEncoding = 4; lastKnownFileType = sourcecode.c.objc; explicitFileType = undefined; includeInIndex = 0; };
		4F8FAE118A3F4A0792239C98 /* CDVIonicKeyboard.h */ = {isa = PBXFileReference; name = "CDVIonicKeyboard.h"; path = "cordova-plugin-ionic-keyboard/CDVIonicKeyboard.h"; sourceTree = "<group>"; fileEncoding = 4; lastKnownFileType = sourcecode.c.h; explicitFileType = undefined; includeInIndex = 0; };
		F6278F778731433885C6BFE3 /* CDVWKWebViewEngine.m */ = {isa = PBXFileReference; name = "CDVWKWebViewEngine.m"; path = "cordova-plugin-ionic-webview/CDVWKWebViewEngine.m"; sourceTree = "<group>"; fileEncoding = 4; lastKnownFileType = sourcecode.c.objc; explicitFileType = undefined; includeInIndex = 0; };
		175A730AB62E472BA0A73D3E /* CDVWKWebViewUIDelegate.m */ = {isa = PBXFileReference; name = "CDVWKWebViewUIDelegate.m"; path = "cordova-plugin-ionic-webview/CDVWKWebViewUIDelegate.m"; sourceTree = "<group>"; fileEncoding = 4; lastKnownFileType = sourcecode.c.objc; explicitFileType = undefined; includeInIndex = 0; };
		2647FD66AA0A4AC6A924ACE7 /* CDVWKProcessPoolFactory.m */ = {isa = PBXFileReference; name = "CDVWKProcessPoolFactory.m"; path = "cordova-plugin-ionic-webview/CDVWKProcessPoolFactory.m"; sourceTree = "<group>"; fileEncoding = 4; lastKnownFileType = sourcecode.c.objc; explicitFileType = undefined; includeInIndex = 0; };
		CD90A27DB1FD4BA4A1D27917 /* IONAssetHandler.m */ = {isa = PBXFileReference; name = "IONAssetHandler.m"; path = "cordova-plugin-ionic-webview/IONAssetHandler.m"; sourceTree = "<group>"; fileEncoding = 4; lastKnownFileType = sourcecode.c.objc; explicitFileType = undefined; includeInIndex = 0; };
		8612B36556BA4BF193D8AF92 /* CDVWKWebViewEngine.h */ = {isa = PBXFileReference; name = "CDVWKWebViewEngine.h"; path = "cordova-plugin-ionic-webview/CDVWKWebViewEngine.h"; sourceTree = "<group>"; fileEncoding = 4; lastKnownFileType = sourcecode.c.h; explicitFileType = undefined; includeInIndex = 0; };
		68890EF60C664CADBA72B725 /* CDVWKWebViewUIDelegate.h */ = {isa = PBXFileReference; name = "CDVWKWebViewUIDelegate.h"; path = "cordova-plugin-ionic-webview/CDVWKWebViewUIDelegate.h"; sourceTree = "<group>"; fileEncoding = 4; lastKnownFileType = sourcecode.c.h; explicitFileType = undefined; includeInIndex = 0; };
		025445E30A19421B9BCF1C9F /* CDVWKProcessPoolFactory.h */ = {isa = PBXFileReference; name = "CDVWKProcessPoolFactory.h"; path = "cordova-plugin-ionic-webview/CDVWKProcessPoolFactory.h"; sourceTree = "<group>"; fileEncoding = 4; lastKnownFileType = sourcecode.c.h; explicitFileType = undefined; includeInIndex = 0; };
		D99E9BF1F4F84F6D916159E6 /* IONAssetHandler.h */ = {isa = PBXFileReference; name = "IONAssetHandler.h"; path = "cordova-plugin-ionic-webview/IONAssetHandler.h"; sourceTree = "<group>"; fileEncoding = 4; lastKnownFileType = sourcecode.c.h; explicitFileType = undefined; includeInIndex = 0; };
		9507C69D41A148589197BAD5 /* WebKit.framework */ = {isa = PBXFileReference; name = "WebKit.framework"; path = "System/Library/Frameworks/WebKit.framework"; sourceTree = SDKROOT; fileEncoding = undefined; lastKnownFileType = wrapper.framework; explicitFileType = undefined; includeInIndex = 0; };
		87AAF7E68B39497BADEABFD4 /* CDVSplashScreen.m */ = {isa = PBXFileReference; name = "CDVSplashScreen.m"; path = "cordova-plugin-splashscreen/CDVSplashScreen.m"; sourceTree = "<group>"; fileEncoding = 4; lastKnownFileType = sourcecode.c.objc; explicitFileType = undefined; includeInIndex = 0; };
		91B707302CEF407EB7FF4FDD /* CDVViewController+SplashScreen.m */ = {isa = PBXFileReference; name = "CDVViewController+SplashScreen.m"; path = "cordova-plugin-splashscreen/CDVViewController+SplashScreen.m"; sourceTree = "<group>"; fileEncoding = 4; lastKnownFileType = sourcecode.c.objc; explicitFileType = undefined; includeInIndex = 0; };
		4118FDBDBF914B29AF44AD80 /* CDVSplashScreen.h */ = {isa = PBXFileReference; name = "CDVSplashScreen.h"; path = "cordova-plugin-splashscreen/CDVSplashScreen.h"; sourceTree = "<group>"; fileEncoding = 4; lastKnownFileType = sourcecode.c.h; explicitFileType = undefined; includeInIndex = 0; };
		25FE359306D34C70929FE9DD /* CDVViewController+SplashScreen.h */ = {isa = PBXFileReference; name = "CDVViewController+SplashScreen.h"; path = "cordova-plugin-splashscreen/CDVViewController+SplashScreen.h"; sourceTree = "<group>"; fileEncoding = 4; lastKnownFileType = sourcecode.c.h; explicitFileType = undefined; includeInIndex = 0; };
		517531AD54B44594AC5E84BE /* CDVStatusBar.m */ = {isa = PBXFileReference; name = "CDVStatusBar.m"; path = "cordova-plugin-statusbar/CDVStatusBar.m"; sourceTree = "<group>"; fileEncoding = 4; lastKnownFileType = sourcecode.c.objc; explicitFileType = undefined; includeInIndex = 0; };
		841C30FE70D940BDBAAE7121 /* CDVStatusBar.h */ = {isa = PBXFileReference; name = "CDVStatusBar.h"; path = "cordova-plugin-statusbar/CDVStatusBar.h"; sourceTree = "<group>"; fileEncoding = 4; lastKnownFileType = sourcecode.c.h; explicitFileType = undefined; includeInIndex = 0; };
		C2B22C185515404484410A59 /* APPEmailComposer.m */ = {isa = PBXFileReference; name = "APPEmailComposer.m"; path = "cordova-plugin-email-composer/APPEmailComposer.m"; sourceTree = "<group>"; fileEncoding = 4; lastKnownFileType = sourcecode.c.objc; explicitFileType = undefined; includeInIndex = 0; };
		DDADB6C672A1466190540A77 /* APPEmailComposerImpl.m */ = {isa = PBXFileReference; name = "APPEmailComposerImpl.m"; path = "cordova-plugin-email-composer/APPEmailComposerImpl.m"; sourceTree = "<group>"; fileEncoding = 4; lastKnownFileType = sourcecode.c.objc; explicitFileType = undefined; includeInIndex = 0; };
		F0F8083C2CBF4A8E818BBAE0 /* APPEmailComposer.h */ = {isa = PBXFileReference; name = "APPEmailComposer.h"; path = "cordova-plugin-email-composer/APPEmailComposer.h"; sourceTree = "<group>"; fileEncoding = 4; lastKnownFileType = sourcecode.c.h; explicitFileType = undefined; includeInIndex = 0; };
		DFAAB67567FF47A3B804AED8 /* APPEmailComposerImpl.h */ = {isa = PBXFileReference; name = "APPEmailComposerImpl.h"; path = "cordova-plugin-email-composer/APPEmailComposerImpl.h"; sourceTree = "<group>"; fileEncoding = 4; lastKnownFileType = sourcecode.c.h; explicitFileType = undefined; includeInIndex = 0; };
		06409565D6684354A0769D17 /* MessageUI.framework */ = {isa = PBXFileReference; name = "MessageUI.framework"; path = "System/Library/Frameworks/MessageUI.framework"; sourceTree = SDKROOT; fileEncoding = undefined; lastKnownFileType = wrapper.framework; explicitFileType = undefined; includeInIndex = 0; };
		56CDB2B19CD942648274762C /* CardIOCordovaPlugin.m */ = {isa = PBXFileReference; name = "CardIOCordovaPlugin.m"; path = "card.io.cordova.mobilesdk/CardIOCordovaPlugin.m"; sourceTree = "<group>"; fileEncoding = 4; lastKnownFileType = sourcecode.c.objc; explicitFileType = undefined; includeInIndex = 0; };
		98EA8C0B25C64F94A673A16A /* libCardIO.a */ = {isa = PBXFileReference; name = "libCardIO.a"; path = "MyApp/Plugins/card.io.cordova.mobilesdk/libCardIO.a"; sourceTree = "<group>"; fileEncoding = undefined; lastKnownFileType = archive.ar; explicitFileType = undefined; includeInIndex = 0; };
		5BAC32B1BB3644199D944199 /* libopencv_core.a */ = {isa = PBXFileReference; name = "libopencv_core.a"; path = "MyApp/Plugins/card.io.cordova.mobilesdk/libopencv_core.a"; sourceTree = "<group>"; fileEncoding = undefined; lastKnownFileType = archive.ar; explicitFileType = undefined; includeInIndex = 0; };
		17C12DC7895440DDBB26ECC6 /* libopencv_imgproc.a */ = {isa = PBXFileReference; name = "libopencv_imgproc.a"; path = "MyApp/Plugins/card.io.cordova.mobilesdk/libopencv_imgproc.a"; sourceTree = "<group>"; fileEncoding = undefined; lastKnownFileType = archive.ar; explicitFileType = undefined; includeInIndex = 0; };
		2ED3C3BFFEFD4CAEB4D428F1 /* CardIOCordovaPlugin.h */ = {isa = PBXFileReference; name = "CardIOCordovaPlugin.h"; path = "card.io.cordova.mobilesdk/CardIOCordovaPlugin.h"; sourceTree = "<group>"; fileEncoding = 4; lastKnownFileType = sourcecode.c.h; explicitFileType = undefined; includeInIndex = 0; };
		1A1578E3E90C4C49891E1033 /* CardIO.h */ = {isa = PBXFileReference; name = "CardIO.h"; path = "card.io.cordova.mobilesdk/CardIO.h"; sourceTree = "<group>"; fileEncoding = 4; lastKnownFileType = sourcecode.c.h; explicitFileType = undefined; includeInIndex = 0; };
		5F9DBC307F154C37BEAD33BA /* CardIOCreditCardInfo.h */ = {isa = PBXFileReference; name = "CardIOCreditCardInfo.h"; path = "card.io.cordova.mobilesdk/CardIOCreditCardInfo.h"; sourceTree = "<group>"; fileEncoding = 4; lastKnownFileType = sourcecode.c.h; explicitFileType = undefined; includeInIndex = 0; };
		01A294FEEACD499993C95AB6 /* CardIODetectionMode.h */ = {isa = PBXFileReference; name = "CardIODetectionMode.h"; path = "card.io.cordova.mobilesdk/CardIODetectionMode.h"; sourceTree = "<group>"; fileEncoding = 4; lastKnownFileType = sourcecode.c.h; explicitFileType = undefined; includeInIndex = 0; };
		4063EA9D13544A829162E6EE /* CardIOPaymentViewController.h */ = {isa = PBXFileReference; name = "CardIOPaymentViewController.h"; path = "card.io.cordova.mobilesdk/CardIOPaymentViewController.h"; sourceTree = "<group>"; fileEncoding = 4; lastKnownFileType = sourcecode.c.h; explicitFileType = undefined; includeInIndex = 0; };
		209EFB0F10C345189574484A /* CardIOPaymentViewControllerDelegate.h */ = {isa = PBXFileReference; name = "CardIOPaymentViewControllerDelegate.h"; path = "card.io.cordova.mobilesdk/CardIOPaymentViewControllerDelegate.h"; sourceTree = "<group>"; fileEncoding = 4; lastKnownFileType = sourcecode.c.h; explicitFileType = undefined; includeInIndex = 0; };
		5F1C6B248D6A4A52B24F6AB9 /* CardIOUtilities.h */ = {isa = PBXFileReference; name = "CardIOUtilities.h"; path = "card.io.cordova.mobilesdk/CardIOUtilities.h"; sourceTree = "<group>"; fileEncoding = 4; lastKnownFileType = sourcecode.c.h; explicitFileType = undefined; includeInIndex = 0; };
		EC61677591FC4943B23E37B9 /* CardIOView.h */ = {isa = PBXFileReference; name = "CardIOView.h"; path = "card.io.cordova.mobilesdk/CardIOView.h"; sourceTree = "<group>"; fileEncoding = 4; lastKnownFileType = sourcecode.c.h; explicitFileType = undefined; includeInIndex = 0; };
		CE93922542D14FFAA7C4E1B2 /* CardIOViewDelegate.h */ = {isa = PBXFileReference; name = "CardIOViewDelegate.h"; path = "card.io.cordova.mobilesdk/CardIOViewDelegate.h"; sourceTree = "<group>"; fileEncoding = 4; lastKnownFileType = sourcecode.c.h; explicitFileType = undefined; includeInIndex = 0; };
		B26D5481604644B29EF3F537 /* Accelerate.framework */ = {isa = PBXFileReference; name = "Accelerate.framework"; path = "System/Library/Frameworks/Accelerate.framework"; sourceTree = SDKROOT; fileEncoding = undefined; lastKnownFileType = wrapper.framework; explicitFileType = undefined; includeInIndex = 0; };
		B30E2BD283AD4D8FB062A973 /* AudioToolbox.framework */ = {isa = PBXFileReference; name = "AudioToolbox.framework"; path = "System/Library/Frameworks/AudioToolbox.framework"; sourceTree = SDKROOT; fileEncoding = undefined; lastKnownFileType = wrapper.framework; explicitFileType = undefined; includeInIndex = 0; };
		D375B7ECF2A740EF9A06460B /* AVFoundation.framework */ = {isa = PBXFileReference; name = "AVFoundation.framework"; path = "System/Library/Frameworks/AVFoundation.framework"; sourceTree = SDKROOT; fileEncoding = undefined; lastKnownFileType = wrapper.framework; explicitFileType = undefined; includeInIndex = 0; };
		06B0EEEF19C14CA785134994 /* CoreMedia.framework */ = {isa = PBXFileReference; name = "CoreMedia.framework"; path = "System/Library/Frameworks/CoreMedia.framework"; sourceTree = SDKROOT; fileEncoding = undefined; lastKnownFileType = wrapper.framework; explicitFileType = undefined; includeInIndex = 0; };
		09F0FAE29CEC463480189422 /* CoreVideo.framework */ = {isa = PBXFileReference; name = "CoreVideo.framework"; path = "System/Library/Frameworks/CoreVideo.framework"; sourceTree = SDKROOT; fileEncoding = undefined; lastKnownFileType = wrapper.framework; explicitFileType = undefined; includeInIndex = 0; };
		779B55D3713F4D9DB2FAD5C2 /* Foundation.framework */ = {isa = PBXFileReference; name = "Foundation.framework"; path = "System/Library/Frameworks/Foundation.framework"; sourceTree = SDKROOT; fileEncoding = undefined; lastKnownFileType = wrapper.framework; explicitFileType = undefined; includeInIndex = 0; };
		BD2467CAA34F4AA3A6404FEB /* OpenGLES.framework */ = {isa = PBXFileReference; name = "OpenGLES.framework"; path = "System/Library/Frameworks/OpenGLES.framework"; sourceTree = SDKROOT; fileEncoding = undefined; lastKnownFileType = wrapper.framework; explicitFileType = undefined; includeInIndex = 0; };
		E00764B6627C4551B9DD3E7A /* QuartzCore.framework */ = {isa = PBXFileReference; name = "QuartzCore.framework"; path = "System/Library/Frameworks/QuartzCore.framework"; sourceTree = SDKROOT; fileEncoding = undefined; lastKnownFileType = wrapper.framework; explicitFileType = undefined; includeInIndex = 0; };
		46984913DC8E4B4C911E7157 /* Security.framework */ = {isa = PBXFileReference; name = "Security.framework"; path = "System/Library/Frameworks/Security.framework"; sourceTree = SDKROOT; fileEncoding = undefined; lastKnownFileType = wrapper.framework; explicitFileType = undefined; includeInIndex = 0; };
		0EBC13C02D0840A083DF1EE0 /* UIKit.framework */ = {isa = PBXFileReference; name = "UIKit.framework"; path = "System/Library/Frameworks/UIKit.framework"; sourceTree = SDKROOT; fileEncoding = undefined; lastKnownFileType = wrapper.framework; explicitFileType = undefined; includeInIndex = 0; };
		50CE74E072C4452995FB125B /* libc++.dylib */ = {isa = PBXFileReference; name = "libc++.dylib"; path = "usr/lib/libc++.dylib"; sourceTree = SDKROOT; fileEncoding = undefined; lastKnownFileType = compiled.mach-o.dylib; explicitFileType = undefined; includeInIndex = 0; };
		4636AA76167A45F1AD546D80 /* PayPalMobileCordovaPlugin.m */ = {isa = PBXFileReference; name = "PayPalMobileCordovaPlugin.m"; path = "com.paypal.cordova.mobilesdk/PayPalMobileCordovaPlugin.m"; sourceTree = "<group>"; fileEncoding = 4; lastKnownFileType = sourcecode.c.objc; explicitFileType = undefined; includeInIndex = 0; };
		72A37784B31240B68E26FECA /* libPayPalMobile.a */ = {isa = PBXFileReference; name = "libPayPalMobile.a"; path = "MyApp/Plugins/com.paypal.cordova.mobilesdk/libPayPalMobile.a"; sourceTree = "<group>"; fileEncoding = undefined; lastKnownFileType = archive.ar; explicitFileType = undefined; includeInIndex = 0; };
		911C2EF30C84494F8FA1DB62 /* PayPalMobileCordovaPlugin.h */ = {isa = PBXFileReference; name = "PayPalMobileCordovaPlugin.h"; path = "com.paypal.cordova.mobilesdk/PayPalMobileCordovaPlugin.h"; sourceTree = "<group>"; fileEncoding = 4; lastKnownFileType = sourcecode.c.h; explicitFileType = undefined; includeInIndex = 0; };
		CE9EE6B7B0CE45B8BFA523A9 /* PayPalConfiguration.h */ = {isa = PBXFileReference; name = "PayPalConfiguration.h"; path = "com.paypal.cordova.mobilesdk/PayPalConfiguration.h"; sourceTree = "<group>"; fileEncoding = 4; lastKnownFileType = sourcecode.c.h; explicitFileType = undefined; includeInIndex = 0; };
		98E86E625C1D404FB9257330 /* PayPalFuturePaymentViewController.h */ = {isa = PBXFileReference; name = "PayPalFuturePaymentViewController.h"; path = "com.paypal.cordova.mobilesdk/PayPalFuturePaymentViewController.h"; sourceTree = "<group>"; fileEncoding = 4; lastKnownFileType = sourcecode.c.h; explicitFileType = undefined; includeInIndex = 0; };
		60746548862B4CA1A748D549 /* PayPalMobile.h */ = {isa = PBXFileReference; name = "PayPalMobile.h"; path = "com.paypal.cordova.mobilesdk/PayPalMobile.h"; sourceTree = "<group>"; fileEncoding = 4; lastKnownFileType = sourcecode.c.h; explicitFileType = undefined; includeInIndex = 0; };
		B545B52B1B90447EA36D5D67 /* PayPalOAuthScopes.h */ = {isa = PBXFileReference; name = "PayPalOAuthScopes.h"; path = "com.paypal.cordova.mobilesdk/PayPalOAuthScopes.h"; sourceTree = "<group>"; fileEncoding = 4; lastKnownFileType = sourcecode.c.h; explicitFileType = undefined; includeInIndex = 0; };
		09DF861BF9444204ADB23DB9 /* PayPalPayment.h */ = {isa = PBXFileReference; name = "PayPalPayment.h"; path = "com.paypal.cordova.mobilesdk/PayPalPayment.h"; sourceTree = "<group>"; fileEncoding = 4; lastKnownFileType = sourcecode.c.h; explicitFileType = undefined; includeInIndex = 0; };
		909AA0268E6749C0B634397E /* PayPalPaymentViewController.h */ = {isa = PBXFileReference; name = "PayPalPaymentViewController.h"; path = "com.paypal.cordova.mobilesdk/PayPalPaymentViewController.h"; sourceTree = "<group>"; fileEncoding = 4; lastKnownFileType = sourcecode.c.h; explicitFileType = undefined; includeInIndex = 0; };
		BC30FEEC58F44ADC8E3CFBDD /* PayPalProfileSharingViewController.h */ = {isa = PBXFileReference; name = "PayPalProfileSharingViewController.h"; path = "com.paypal.cordova.mobilesdk/PayPalProfileSharingViewController.h"; sourceTree = "<group>"; fileEncoding = 4; lastKnownFileType = sourcecode.c.h; explicitFileType = undefined; includeInIndex = 0; };
		7A89096CD5BF461198370436 /* CFNetwork.framework */ = {isa = PBXFileReference; name = "CFNetwork.framework"; path = "System/Library/Frameworks/CFNetwork.framework"; sourceTree = SDKROOT; fileEncoding = undefined; lastKnownFileType = wrapper.framework; explicitFileType = undefined; includeInIndex = 0; };
		99EED6BE514D481DA521F4B2 /* CoreLocation.framework */ = {isa = PBXFileReference; name = "CoreLocation.framework"; path = "System/Library/Frameworks/CoreLocation.framework"; sourceTree = SDKROOT; fileEncoding = undefined; lastKnownFileType = wrapper.framework; explicitFileType = undefined; includeInIndex = 0; };
		0B406DBC92684DFD99408CBB /* SafariServices.framework */ = {isa = PBXFileReference; name = "SafariServices.framework"; path = "System/Library/Frameworks/SafariServices.framework"; sourceTree = SDKROOT; fileEncoding = undefined; lastKnownFileType = wrapper.framework; explicitFileType = undefined; includeInIndex = 0; };
		857796904DB147EB93B98C7B /* SystemConfiguration.framework */ = {isa = PBXFileReference; name = "SystemConfiguration.framework"; path = "System/Library/Frameworks/SystemConfiguration.framework"; sourceTree = SDKROOT; fileEncoding = undefined; lastKnownFileType = wrapper.framework; explicitFileType = undefined; includeInIndex = 0; };
		3791EE0FE66D4AB8BE9A874E /* libPayPalMobile.a */ = {isa = PBXFileReference; name = "libPayPalMobile.a"; path = "libPayPalMobile.a"; sourceTree = "<group>"; fileEncoding = undefined; lastKnownFileType = archive.ar; explicitFileType = undefined; includeInIndex = 0; };
		8CC74732CA9B4641BDB91526 /* NativeGeocoder.swift */ = {isa = PBXFileReference; name = "NativeGeocoder.swift"; path = "cordova-plugin-nativegeocoder/NativeGeocoder.swift"; sourceTree = "<group>"; fileEncoding = 4; lastKnownFileType = sourcecode.swift; explicitFileType = undefined; includeInIndex = 0; };
		5C55230B1D654D3C81735150 /* NativeGeocoder-Bridging-Header.h */ = {isa = PBXFileReference; name = "NativeGeocoder-Bridging-Header.h"; path = "cordova-plugin-nativegeocoder/NativeGeocoder-Bridging-Header.h"; sourceTree = "<group>"; fileEncoding = 4; lastKnownFileType = sourcecode.c.h; explicitFileType = undefined; includeInIndex = 0; };
		CB7D75EA7F8749C0AE0B2680 /* CDVLocation.m */ = {isa = PBXFileReference; name = "CDVLocation.m"; path = "cordova-plugin-geolocation/CDVLocation.m"; sourceTree = "<group>"; fileEncoding = 4; lastKnownFileType = sourcecode.c.objc; explicitFileType = undefined; includeInIndex = 0; };
		07F5140EB1CF448C9437E98A /* CDVLocation.h */ = {isa = PBXFileReference; name = "CDVLocation.h"; path = "cordova-plugin-geolocation/CDVLocation.h"; sourceTree = "<group>"; fileEncoding = 4; lastKnownFileType = sourcecode.c.h; explicitFileType = undefined; includeInIndex = 0; };
		62145767F3F9493CA40308CB /* SMTPClient.m */ = {isa = PBXFileReference; name = "SMTPClient.m"; path = "cordova-plugin-smtp-client/SMTPClient.m"; sourceTree = "<group>"; fileEncoding = 4; lastKnownFileType = sourcecode.c.objc; explicitFileType = undefined; includeInIndex = 0; };
		C40DC5E1CADC45E6BBF2FA4D /* Base64Transcoder.m */ = {isa = PBXFileReference; name = "Base64Transcoder.m"; path = "cordova-plugin-smtp-client/Base64Transcoder.m"; sourceTree = "<group>"; fileEncoding = 4; lastKnownFileType = sourcecode.c.objc; explicitFileType = undefined; includeInIndex = 0; };
		B7D9C4D19E734B53A8B1CCC8 /* HSK_CFUtilities.m */ = {isa = PBXFileReference; name = "HSK_CFUtilities.m"; path = "cordova-plugin-smtp-client/HSK_CFUtilities.m"; sourceTree = "<group>"; fileEncoding = 4; lastKnownFileType = sourcecode.c.objc; explicitFileType = undefined; includeInIndex = 0; };
		DAE361EFDF824A6BA8DE69E9 /* NSData+Base64Additions.m */ = {isa = PBXFileReference; name = "NSData+Base64Additions.m"; path = "cordova-plugin-smtp-client/NSData+Base64Additions.m"; sourceTree = "<group>"; fileEncoding = 4; lastKnownFileType = sourcecode.c.objc; explicitFileType = undefined; includeInIndex = 0; };
		922962554F07415EB2CC73F9 /* NSStream+SKPSMTPExtensions.m */ = {isa = PBXFileReference; name = "NSStream+SKPSMTPExtensions.m"; path = "cordova-plugin-smtp-client/NSStream+SKPSMTPExtensions.m"; sourceTree = "<group>"; fileEncoding = 4; lastKnownFileType = sourcecode.c.objc; explicitFileType = undefined; includeInIndex = 0; };
		EEDD163756194FC28BCA3DE6 /* SKPSMTPMessage.m */ = {isa = PBXFileReference; name = "SKPSMTPMessage.m"; path = "cordova-plugin-smtp-client/SKPSMTPMessage.m"; sourceTree = "<group>"; fileEncoding = 4; lastKnownFileType = sourcecode.c.objc; explicitFileType = undefined; includeInIndex = 0; };
		AE12D8BC9E61452DA28B0788 /* SMTPClient.h */ = {isa = PBXFileReference; name = "SMTPClient.h"; path = "cordova-plugin-smtp-client/SMTPClient.h"; sourceTree = "<group>"; fileEncoding = 4; lastKnownFileType = sourcecode.c.h; explicitFileType = undefined; includeInIndex = 0; };
		7D9267357368421AB9721FE9 /* Base64Transcoder.h */ = {isa = PBXFileReference; name = "Base64Transcoder.h"; path = "cordova-plugin-smtp-client/Base64Transcoder.h"; sourceTree = "<group>"; fileEncoding = 4; lastKnownFileType = sourcecode.c.h; explicitFileType = undefined; includeInIndex = 0; };
		4B9D53D6A0E3415584CAD802 /* HSK_CFUtilities.h */ = {isa = PBXFileReference; name = "HSK_CFUtilities.h"; path = "cordova-plugin-smtp-client/HSK_CFUtilities.h"; sourceTree = "<group>"; fileEncoding = 4; lastKnownFileType = sourcecode.c.h; explicitFileType = undefined; includeInIndex = 0; };
		D3F943BED74E4507BE2ACCBB /* NSData+Base64Additions.h */ = {isa = PBXFileReference; name = "NSData+Base64Additions.h"; path = "cordova-plugin-smtp-client/NSData+Base64Additions.h"; sourceTree = "<group>"; fileEncoding = 4; lastKnownFileType = sourcecode.c.h; explicitFileType = undefined; includeInIndex = 0; };
		E666938E8938416BA5C6BC62 /* NSStream+SKPSMTPExtensions.h */ = {isa = PBXFileReference; name = "NSStream+SKPSMTPExtensions.h"; path = "cordova-plugin-smtp-client/NSStream+SKPSMTPExtensions.h"; sourceTree = "<group>"; fileEncoding = 4; lastKnownFileType = sourcecode.c.h; explicitFileType = undefined; includeInIndex = 0; };
		4F0AB8D19CA446649E22C598 /* SKPSMTPMessage.h */ = {isa = PBXFileReference; name = "SKPSMTPMessage.h"; path = "cordova-plugin-smtp-client/SKPSMTPMessage.h"; sourceTree = "<group>"; fileEncoding = 4; lastKnownFileType = sourcecode.c.h; explicitFileType = undefined; includeInIndex = 0; };
/* End PBXFileReference section */

/* Begin PBXFrameworksBuildPhase section */
		1D60588F0D05DD3D006BFB54 /* Frameworks */ = {
			isa = PBXFrameworksBuildPhase;
			buildActionMask = 2147483647;
			files = (
				301BF552109A68D80062928A /* libCordova.a in Frameworks */,
				A68F7F07DEA646ADB8FB0B47 /* WebKit.framework in Frameworks */,
				7F67607A3C0A442483809286 /* MessageUI.framework in Frameworks */,
				76CBEFD9065A4E66ACCF9EFE /* libCardIO.a in Frameworks */,
				7304CC21025943DF933CA17D /* libopencv_core.a in Frameworks */,
				F9883814895648EFA3E25E26 /* libopencv_imgproc.a in Frameworks */,
				51200AAE8CB545D885348CCF /* Accelerate.framework in Frameworks */,
				C6195099AB9940FDBE76FF01 /* AudioToolbox.framework in Frameworks */,
				50ACD8E1C3824859AE0E41C0 /* AVFoundation.framework in Frameworks */,
				62D3A1BC05474E3AB812DC92 /* CoreMedia.framework in Frameworks */,
				2659D6E359114E6EB0B5B181 /* CoreVideo.framework in Frameworks */,
				6F248EE471374B23BD508744 /* Foundation.framework in Frameworks */,
				5163C5D8D29F4E1295A92124 /* OpenGLES.framework in Frameworks */,
				BA28D9C5BB5D412D95C0D660 /* QuartzCore.framework in Frameworks */,
				A1195BA598DE40E9B16B0766 /* Security.framework in Frameworks */,
				F551C9723AFA416E8B6EC0CD /* UIKit.framework in Frameworks */,
				3A497365BDE9431B92C6B8FF /* libc++.dylib in Frameworks */,
				39BF5379F83E4A779E904C16 /* libPayPalMobile.a in Frameworks */,
				A1BB26E1EF364470BCEEA450 /* CFNetwork.framework in Frameworks */,
				DD7A9685ECB14781BDB4BF2E /* CoreLocation.framework in Frameworks */,
				69AB471C85F64ECC9A083B47 /* SafariServices.framework in Frameworks */,
				98A993869E3A457F8E36AFFA /* SystemConfiguration.framework in Frameworks */,
				FE3F3578A68047408A5778AA /* libPayPalMobile.a in Frameworks */,
			);
			runOnlyForDeploymentPostprocessing = 0;
		};
/* End PBXFrameworksBuildPhase section */

/* Begin PBXGroup section */
		080E96DDFE201D6D7F000001 /* Classes */ = {
			isa = PBXGroup;
			children = (
				302D95EE14D2391D003F00A1 /* MainViewController.h */,
				302D95EF14D2391D003F00A1 /* MainViewController.m */,
				302D95F014D2391D003F00A1 /* MainViewController.xib */,
				1D3623240D0F684500981E51 /* AppDelegate.h */,
				1D3623250D0F684500981E51 /* AppDelegate.m */,
			);
			name = Classes;
			path = "MyApp/Classes";
			sourceTree = SOURCE_ROOT;
		};
		19C28FACFE9D520D11CA2CBB /* Products */ = {
			isa = PBXGroup;
			children = (
				1D6058910D05DD3D006BFB54 /* MyApp.app */,
			);
			name = Products;
			sourceTree = "<group>";
		};
		29B97314FDCFA39411CA2CEA /* CustomTemplate */ = {
			isa = PBXGroup;
			children = (
				EB87FDF41871DAF40020F90C /* config.xml */,
				EB87FDF31871DA8E0020F90C /* www */,
				EB87FDF11871DA420020F90C /* Staging */,
				301BF52D109A57CC0062928A /* CordovaLib/CordovaLib.xcodeproj */,
				080E96DDFE201D6D7F000001 /* Classes */,
				307C750510C5A3420062BCA9 /* Plugins */,
				29B97315FDCFA39411CA2CEA /* Other Sources */,
				29B97317FDCFA39411CA2CEA /* Resources */,
				29B97323FDCFA39411CA2CEA /* Frameworks */,
				19C28FACFE9D520D11CA2CBB /* Products */,
			);
			name = CustomTemplate;
			sourceTree = "<group>";
		};
		29B97315FDCFA39411CA2CEA /* Other Sources */ = {
			isa = PBXGroup;
			children = (
				32CA4F630368D1EE00C91783 /* MyApp-Prefix.pch */,
				29B97316FDCFA39411CA2CEA /* main.m */,
				ED33DF2A687741AEAF9F8254 /* Bridging-Header.h */,
			);
			name = "Other Sources";
			path = "MyApp";
			sourceTree = "<group>";
		};
		29B97317FDCFA39411CA2CEA /* Resources */ = {
			isa = PBXGroup;
			children = (
				0207DA571B56EA530066E2B4 /* Images.xcassets */,
				3047A50E1AB8057F00498E2A /* config */,
				8D1107310486CEB800E47090 /* MyApp-Info.plist */,
				6AFF5BF81D6E424B00AB3073 /* CDVLaunchScreen.storyboard */,
			);
			name = Resources;
			path = "MyApp/Resources";
			sourceTree = "<group>";
		};
		29B97323FDCFA39411CA2CEA /* Frameworks */ = {
			isa = PBXGroup;
			children = (
				9507C69D41A148589197BAD5 /* WebKit.framework */,
				06409565D6684354A0769D17 /* MessageUI.framework */,
				98EA8C0B25C64F94A673A16A /* libCardIO.a */,
				5BAC32B1BB3644199D944199 /* libopencv_core.a */,
				17C12DC7895440DDBB26ECC6 /* libopencv_imgproc.a */,
				B26D5481604644B29EF3F537 /* Accelerate.framework */,
				B30E2BD283AD4D8FB062A973 /* AudioToolbox.framework */,
				D375B7ECF2A740EF9A06460B /* AVFoundation.framework */,
				06B0EEEF19C14CA785134994 /* CoreMedia.framework */,
				09F0FAE29CEC463480189422 /* CoreVideo.framework */,
				779B55D3713F4D9DB2FAD5C2 /* Foundation.framework */,
				BD2467CAA34F4AA3A6404FEB /* OpenGLES.framework */,
				E00764B6627C4551B9DD3E7A /* QuartzCore.framework */,
				46984913DC8E4B4C911E7157 /* Security.framework */,
				0EBC13C02D0840A083DF1EE0 /* UIKit.framework */,
				50CE74E072C4452995FB125B /* libc++.dylib */,
				72A37784B31240B68E26FECA /* libPayPalMobile.a */,
				7A89096CD5BF461198370436 /* CFNetwork.framework */,
				99EED6BE514D481DA521F4B2 /* CoreLocation.framework */,
				0B406DBC92684DFD99408CBB /* SafariServices.framework */,
				857796904DB147EB93B98C7B /* SystemConfiguration.framework */,
				3791EE0FE66D4AB8BE9A874E /* libPayPalMobile.a */,
			);
			name = Frameworks;
			sourceTree = "<group>";
		};
		301BF52E109A57CC0062928A /* Products */ = {
			isa = PBXGroup;
			children = (
				301BF535109A57CC0062928A /* libCordova.a */,
				907D8124214C687600058A10 /* Cordova.framework */,
			);
			name = Products;
			sourceTree = "<group>";
		};
		3047A50E1AB8057F00498E2A /* config */ = {
			isa = PBXGroup;
			children = (
				3047A50F1AB8059700498E2A /* build-debug.xcconfig */,
				3047A5101AB8059700498E2A /* build-release.xcconfig */,
				3047A5111AB8059700498E2A /* build.xcconfig */,
			);
			name = config;
			sourceTree = "<group>";
		};
		307C750510C5A3420062BCA9 /* Plugins */ = {
			isa = PBXGroup;
			children = (
				1E0C7453EAAF4716AC3D5E3B /* CDVDevice.m */,
				28F1E6F078FA47C8BD04F373 /* CDVDevice.h */,
				33C63D8B13BD4CF48790F9E6 /* CDVIonicKeyboard.m */,
				4F8FAE118A3F4A0792239C98 /* CDVIonicKeyboard.h */,
				F6278F778731433885C6BFE3 /* CDVWKWebViewEngine.m */,
				175A730AB62E472BA0A73D3E /* CDVWKWebViewUIDelegate.m */,
				2647FD66AA0A4AC6A924ACE7 /* CDVWKProcessPoolFactory.m */,
				CD90A27DB1FD4BA4A1D27917 /* IONAssetHandler.m */,
				8612B36556BA4BF193D8AF92 /* CDVWKWebViewEngine.h */,
				68890EF60C664CADBA72B725 /* CDVWKWebViewUIDelegate.h */,
				025445E30A19421B9BCF1C9F /* CDVWKProcessPoolFactory.h */,
				D99E9BF1F4F84F6D916159E6 /* IONAssetHandler.h */,
				87AAF7E68B39497BADEABFD4 /* CDVSplashScreen.m */,
				91B707302CEF407EB7FF4FDD /* CDVViewController+SplashScreen.m */,
				4118FDBDBF914B29AF44AD80 /* CDVSplashScreen.h */,
				25FE359306D34C70929FE9DD /* CDVViewController+SplashScreen.h */,
				517531AD54B44594AC5E84BE /* CDVStatusBar.m */,
				841C30FE70D940BDBAAE7121 /* CDVStatusBar.h */,
				C2B22C185515404484410A59 /* APPEmailComposer.m */,
				DDADB6C672A1466190540A77 /* APPEmailComposerImpl.m */,
				F0F8083C2CBF4A8E818BBAE0 /* APPEmailComposer.h */,
				DFAAB67567FF47A3B804AED8 /* APPEmailComposerImpl.h */,
				56CDB2B19CD942648274762C /* CardIOCordovaPlugin.m */,
				2ED3C3BFFEFD4CAEB4D428F1 /* CardIOCordovaPlugin.h */,
				1A1578E3E90C4C49891E1033 /* CardIO.h */,
				5F9DBC307F154C37BEAD33BA /* CardIOCreditCardInfo.h */,
				01A294FEEACD499993C95AB6 /* CardIODetectionMode.h */,
				4063EA9D13544A829162E6EE /* CardIOPaymentViewController.h */,
				209EFB0F10C345189574484A /* CardIOPaymentViewControllerDelegate.h */,
				5F1C6B248D6A4A52B24F6AB9 /* CardIOUtilities.h */,
				EC61677591FC4943B23E37B9 /* CardIOView.h */,
				CE93922542D14FFAA7C4E1B2 /* CardIOViewDelegate.h */,
				4636AA76167A45F1AD546D80 /* PayPalMobileCordovaPlugin.m */,
				911C2EF30C84494F8FA1DB62 /* PayPalMobileCordovaPlugin.h */,
				CE9EE6B7B0CE45B8BFA523A9 /* PayPalConfiguration.h */,
				98E86E625C1D404FB9257330 /* PayPalFuturePaymentViewController.h */,
				60746548862B4CA1A748D549 /* PayPalMobile.h */,
				B545B52B1B90447EA36D5D67 /* PayPalOAuthScopes.h */,
				09DF861BF9444204ADB23DB9 /* PayPalPayment.h */,
				909AA0268E6749C0B634397E /* PayPalPaymentViewController.h */,
				BC30FEEC58F44ADC8E3CFBDD /* PayPalProfileSharingViewController.h */,
				8CC74732CA9B4641BDB91526 /* NativeGeocoder.swift */,
				5C55230B1D654D3C81735150 /* NativeGeocoder-Bridging-Header.h */,
				CB7D75EA7F8749C0AE0B2680 /* CDVLocation.m */,
				07F5140EB1CF448C9437E98A /* CDVLocation.h */,
				62145767F3F9493CA40308CB /* SMTPClient.m */,
				C40DC5E1CADC45E6BBF2FA4D /* Base64Transcoder.m */,
				B7D9C4D19E734B53A8B1CCC8 /* HSK_CFUtilities.m */,
				DAE361EFDF824A6BA8DE69E9 /* NSData+Base64Additions.m */,
				922962554F07415EB2CC73F9 /* NSStream+SKPSMTPExtensions.m */,
				EEDD163756194FC28BCA3DE6 /* SKPSMTPMessage.m */,
				AE12D8BC9E61452DA28B0788 /* SMTPClient.h */,
				7D9267357368421AB9721FE9 /* Base64Transcoder.h */,
				4B9D53D6A0E3415584CAD802 /* HSK_CFUtilities.h */,
				D3F943BED74E4507BE2ACCBB /* NSData+Base64Additions.h */,
				E666938E8938416BA5C6BC62 /* NSStream+SKPSMTPExtensions.h */,
				4F0AB8D19CA446649E22C598 /* SKPSMTPMessage.h */,
			);
			name = Plugins;
			path = "MyApp/Plugins";
			sourceTree = SOURCE_ROOT;
		};
		EB87FDF11871DA420020F90C /* Staging */ = {
			isa = PBXGroup;
			children = (
				F840E1F0165FE0F500CFE078 /* config.xml */,
				301BF56E109A69640062928A /* www */,
			);
			name = Staging;
			sourceTree = "<group>";
		};
/* End PBXGroup section */

/* Begin PBXNativeTarget section */
		1D6058900D05DD3D006BFB54 /* MyApp */ = {
			isa = PBXNativeTarget;
			buildConfigurationList = 1D6058960D05DD3E006BFB54 /* Build configuration list for PBXNativeTarget "MyApp" */;
			buildPhases = (
				304B58A110DAC018002A0835 /* Copy www directory */,
				1D60588D0D05DD3D006BFB54 /* Resources */,
				1D60588E0D05DD3D006BFB54 /* Sources */,
				1D60588F0D05DD3D006BFB54 /* Frameworks */,
			);
			buildRules = (
			);
			dependencies = (
				301BF551109A68C00062928A /* PBXTargetDependency */,
			);
			name = "MyApp";
			productName = "MyApp";
			productReference = 1D6058910D05DD3D006BFB54 /* MyApp.app */;
			productType = "com.apple.product-type.application";
		};
/* End PBXNativeTarget section */

/* Begin PBXProject section */
		29B97313FDCFA39411CA2CEA /* Project object */ = {
			isa = PBXProject;
			attributes = {
				LastUpgradeCheck = 1130;
				TargetAttributes = {
					1D6058900D05DD3D006BFB54 = {
						ProvisioningStyle = Automatic;
					};
				};
			};
			buildConfigurationList = C01FCF4E08A954540054247B /* Build configuration list for PBXProject "MyApp" */;
			compatibilityVersion = "Xcode 11.0";
			developmentRegion = en;
			hasScannedForEncodings = 1;
			knownRegions = (
				en,
				Base,
			);
			mainGroup = 29B97314FDCFA39411CA2CEA /* CustomTemplate */;
			projectDirPath = "";
			projectReferences = (
				{
					ProductGroup = 301BF52E109A57CC0062928A /* Products */;
					ProjectRef = 301BF52D109A57CC0062928A /* CordovaLib/CordovaLib.xcodeproj */;
				},
			);
			projectRoot = "";
			targets = (
				1D6058900D05DD3D006BFB54 /* MyApp */,
			);
		};
/* End PBXProject section */

/* Begin PBXReferenceProxy section */
		301BF535109A57CC0062928A /* libCordova.a */ = {
			isa = PBXReferenceProxy;
			fileType = archive.ar;
			path = libCordova.a;
			remoteRef = 301BF534109A57CC0062928A /* PBXContainerItemProxy */;
			sourceTree = BUILT_PRODUCTS_DIR;
		};
		907D8124214C687600058A10 /* Cordova.framework */ = {
			isa = PBXReferenceProxy;
			fileType = wrapper.framework;
			path = Cordova.framework;
			remoteRef = 907D8123214C687600058A10 /* PBXContainerItemProxy */;
			sourceTree = BUILT_PRODUCTS_DIR;
		};
/* End PBXReferenceProxy section */

/* Begin PBXResourcesBuildPhase section */
		1D60588D0D05DD3D006BFB54 /* Resources */ = {
			isa = PBXResourcesBuildPhase;
			buildActionMask = 2147483647;
			files = (
				302D95F214D2391D003F00A1 /* MainViewController.xib in Resources */,
				0207DA581B56EA530066E2B4 /* Images.xcassets in Resources */,
				6AFF5BF91D6E424B00AB3073 /* CDVLaunchScreen.storyboard in Resources */,
			);
			runOnlyForDeploymentPostprocessing = 0;
		};
/* End PBXResourcesBuildPhase section */

/* Begin PBXShellScriptBuildPhase section */
		304B58A110DAC018002A0835 /* Copy www directory */ = {
			isa = PBXShellScriptBuildPhase;
			buildActionMask = 2147483647;
			files = (
			);
			inputPaths = (
			);
			name = "Copy www directory";
			outputPaths = (
			);
			runOnlyForDeploymentPostprocessing = 0;
			shellPath = /bin/sh;
			shellScript = "\"$SRCROOT/MyApp/Scripts/copy-www-build-step.sh\"";
			showEnvVarsInLog = 0;
		};
/* End PBXShellScriptBuildPhase section */

/* Begin PBXSourcesBuildPhase section */
		1D60588E0D05DD3D006BFB54 /* Sources */ = {
			isa = PBXSourcesBuildPhase;
			buildActionMask = 2147483647;
			files = (
				1D60589B0D05DD56006BFB54 /* main.m in Sources */,
				1D3623260D0F684500981E51 /* AppDelegate.m in Sources */,
				302D95F114D2391D003F00A1 /* MainViewController.m in Sources */,
				D9B0F4475CE94A54BC9132C1 /* CDVDevice.m in Sources */,
				5C6B398485EA4C6EAFCA00A8 /* CDVIonicKeyboard.m in Sources */,
				21BC4503F75044CBB72507BD /* CDVWKWebViewEngine.m in Sources */,
				7D8A8B132F3745B089F00625 /* CDVWKWebViewUIDelegate.m in Sources */,
				C72B59DB0AD74C87AE367A67 /* CDVWKProcessPoolFactory.m in Sources */,
				26C0154C1A8A45FAB1F765C6 /* IONAssetHandler.m in Sources */,
				734B0A9269B949E493DA292C /* CDVSplashScreen.m in Sources */,
				CB073F51642C4D6D975F8FF1 /* CDVViewController+SplashScreen.m in Sources */,
				1F05A842D9584E668DFB09A5 /* CDVStatusBar.m in Sources */,
				6A2E66DF6F24451CBB849202 /* APPEmailComposer.m in Sources */,
				66E57F950D0441AFB2FFD312 /* APPEmailComposerImpl.m in Sources */,
				1E40947AF93C4EC1A6D62959 /* CardIOCordovaPlugin.m in Sources */,
				D5A6B679C3CB4AB689CD4D8C /* PayPalMobileCordovaPlugin.m in Sources */,
				55ACA27D94124B51B0CCFA8A /* NativeGeocoder.swift in Sources */,
				9719F220534A4BBB9BD965D4 /* CDVLocation.m in Sources */,
				DE676914E06943B5AA33E800 /* SMTPClient.m in Sources */,
				EB1D8AC207754FD78E2F6E7C /* Base64Transcoder.m in Sources */,
				93F0D4EE044C4D2FA1E4075A /* HSK_CFUtilities.m in Sources */,
				8C3FC41CF3784B4FA0BF63AA /* NSData+Base64Additions.m in Sources */,
				04262C5553334CAAA082DAA0 /* NSStream+SKPSMTPExtensions.m in Sources */,
				CB48A82C396F4B3E946E9A11 /* SKPSMTPMessage.m in Sources */,
			);
			runOnlyForDeploymentPostprocessing = 0;
		};
/* End PBXSourcesBuildPhase section */

/* Begin PBXTargetDependency section */
		301BF551109A68C00062928A /* PBXTargetDependency */ = {
			isa = PBXTargetDependency;
			name = CordovaLib;
			targetProxy = 301BF550109A68C00062928A /* PBXContainerItemProxy */;
		};
/* End PBXTargetDependency section */

/* Begin XCBuildConfiguration section */
		1D6058940D05DD3E006BFB54 /* Debug */ = {
			isa = XCBuildConfiguration;
			baseConfigurationReference = 3047A50F1AB8059700498E2A /* build-debug.xcconfig */;
			buildSettings = {
				ALWAYS_SEARCH_USER_PATHS = NO;
				ASSETCATALOG_COMPILER_APPICON_NAME = AppIcon;
				CLANG_ENABLE_MODULES = YES;
				CLANG_ENABLE_OBJC_ARC = YES;
				COPY_PHASE_STRIP = NO;
				GCC_DYNAMIC_NO_PIC = NO;
				GCC_OPTIMIZATION_LEVEL = 0;
				GCC_PRECOMPILE_PREFIX_HEADER = YES;
				GCC_PREFIX_HEADER = "MyApp/MyApp-Prefix.pch";
				GCC_THUMB_SUPPORT = NO;
				GCC_VERSION = "";
				INFOPLIST_FILE = "MyApp/MyApp-Info.plist";
				IPHONEOS_DEPLOYMENT_TARGET = 11.0;
				LD_RUNPATH_SEARCH_PATHS = "@executable_path/Frameworks";
				PRODUCT_BUNDLE_IDENTIFIER = io.ionic.starter;
				PRODUCT_NAME = "$(TARGET_NAME)";
				TARGETED_DEVICE_FAMILY = "1,2";
				LIBRARY_SEARCH_PATHS = (
					"$(inherited)",
					"\"$(SRCROOT)/$(TARGET_NAME)/Plugins/card.io.cordova.mobilesdk\"",
					"\"$(SRCROOT)/$(TARGET_NAME)/Plugins/card.io.cordova.mobilesdk\"",
					"\"$(SRCROOT)/$(TARGET_NAME)/Plugins/card.io.cordova.mobilesdk\"",
					"\"$(SRCROOT)/$(TARGET_NAME)/Plugins/com.paypal.cordova.mobilesdk\"",
				);
			};
			name = Debug;
		};
		1D6058950D05DD3E006BFB54 /* Release */ = {
			isa = XCBuildConfiguration;
			baseConfigurationReference = 3047A5101AB8059700498E2A /* build-release.xcconfig */;
			buildSettings = {
				ALWAYS_SEARCH_USER_PATHS = NO;
				ASSETCATALOG_COMPILER_APPICON_NAME = AppIcon;
				CLANG_ENABLE_MODULES = YES;
				CLANG_ENABLE_OBJC_ARC = YES;
				COPY_PHASE_STRIP = YES;
				GCC_PRECOMPILE_PREFIX_HEADER = YES;
				GCC_PREFIX_HEADER = "MyApp/MyApp-Prefix.pch";
				GCC_THUMB_SUPPORT = NO;
				GCC_VERSION = "";
				INFOPLIST_FILE = "MyApp/MyApp-Info.plist";
				IPHONEOS_DEPLOYMENT_TARGET = 11.0;
				LD_RUNPATH_SEARCH_PATHS = "@executable_path/Frameworks";
				PRODUCT_BUNDLE_IDENTIFIER = io.ionic.starter;
				PRODUCT_NAME = "$(TARGET_NAME)";
				TARGETED_DEVICE_FAMILY = "1,2";
				LIBRARY_SEARCH_PATHS = (
					"$(inherited)",
					"\"$(SRCROOT)/$(TARGET_NAME)/Plugins/card.io.cordova.mobilesdk\"",
					"\"$(SRCROOT)/$(TARGET_NAME)/Plugins/card.io.cordova.mobilesdk\"",
					"\"$(SRCROOT)/$(TARGET_NAME)/Plugins/card.io.cordova.mobilesdk\"",
					"\"$(SRCROOT)/$(TARGET_NAME)/Plugins/com.paypal.cordova.mobilesdk\"",
				);
			};
			name = Release;
		};
		C01FCF4F08A954540054247B /* Debug */ = {
			isa = XCBuildConfiguration;
			baseConfigurationReference = 3047A5111AB8059700498E2A /* build.xcconfig */;
			buildSettings = {
				CLANG_ANALYZER_LOCALIZABILITY_NONLOCALIZED = YES;
				CLANG_ENABLE_MODULES = YES;
				CLANG_ENABLE_OBJC_ARC = YES;
				CLANG_WARN_BLOCK_CAPTURE_AUTORELEASING = YES;
				CLANG_WARN_BOOL_CONVERSION = YES;
				CLANG_WARN_COMMA = YES;
				CLANG_WARN_CONSTANT_CONVERSION = YES;
				CLANG_WARN_DEPRECATED_OBJC_IMPLEMENTATIONS = YES;
				CLANG_WARN_EMPTY_BODY = YES;
				CLANG_WARN_ENUM_CONVERSION = YES;
				CLANG_WARN_INFINITE_RECURSION = YES;
				CLANG_WARN_INT_CONVERSION = YES;
				CLANG_WARN_NON_LITERAL_NULL_CONVERSION = YES;
				CLANG_WARN_OBJC_IMPLICIT_RETAIN_SELF = YES;
				CLANG_WARN_OBJC_LITERAL_CONVERSION = YES;
				CLANG_WARN_RANGE_LOOP_ANALYSIS = YES;
				CLANG_WARN_STRICT_PROTOTYPES = YES;
				CLANG_WARN_SUSPICIOUS_MOVE = YES;
				CLANG_WARN_UNREACHABLE_CODE = YES;
				CLANG_WARN__DUPLICATE_METHOD_MATCH = YES;
				ENABLE_STRICT_OBJC_MSGSEND = YES;
				ENABLE_TESTABILITY = YES;
				GCC_C_LANGUAGE_STANDARD = c99;
				GCC_NO_COMMON_BLOCKS = YES;
				GCC_THUMB_SUPPORT = NO;
				GCC_VERSION = "";
				GCC_WARN_64_TO_32_BIT_CONVERSION = YES;
				GCC_WARN_ABOUT_RETURN_TYPE = YES;
				GCC_WARN_UNDECLARED_SELECTOR = YES;
				GCC_WARN_UNINITIALIZED_AUTOS = YES;
				GCC_WARN_UNUSED_FUNCTION = YES;
				GCC_WARN_UNUSED_VARIABLE = YES;
				ONLY_ACTIVE_ARCH = YES;
				SDKROOT = iphoneos;
				SKIP_INSTALL = NO;
				WK_WEB_VIEW_ONLY = 1;
				IPHONEOS_DEPLOYMENT_TARGET = 11.0;
			};
			name = Debug;
		};
		C01FCF5008A954540054247B /* Release */ = {
			isa = XCBuildConfiguration;
			baseConfigurationReference = 3047A5111AB8059700498E2A /* build.xcconfig */;
			buildSettings = {
				CLANG_ANALYZER_LOCALIZABILITY_NONLOCALIZED = YES;
				CLANG_ENABLE_MODULES = YES;
				CLANG_ENABLE_OBJC_ARC = YES;
				CLANG_WARN_BLOCK_CAPTURE_AUTORELEASING = YES;
				CLANG_WARN_BOOL_CONVERSION = YES;
				CLANG_WARN_COMMA = YES;
				CLANG_WARN_CONSTANT_CONVERSION = YES;
				CLANG_WARN_DEPRECATED_OBJC_IMPLEMENTATIONS = YES;
				CLANG_WARN_EMPTY_BODY = YES;
				CLANG_WARN_ENUM_CONVERSION = YES;
				CLANG_WARN_INFINITE_RECURSION = YES;
				CLANG_WARN_INT_CONVERSION = YES;
				CLANG_WARN_NON_LITERAL_NULL_CONVERSION = YES;
				CLANG_WARN_OBJC_IMPLICIT_RETAIN_SELF = YES;
				CLANG_WARN_OBJC_LITERAL_CONVERSION = YES;
				CLANG_WARN_RANGE_LOOP_ANALYSIS = YES;
				CLANG_WARN_STRICT_PROTOTYPES = YES;
				CLANG_WARN_SUSPICIOUS_MOVE = YES;
				CLANG_WARN_UNREACHABLE_CODE = YES;
				CLANG_WARN__DUPLICATE_METHOD_MATCH = YES;
				ENABLE_STRICT_OBJC_MSGSEND = YES;
				GCC_C_LANGUAGE_STANDARD = c99;
				GCC_NO_COMMON_BLOCKS = YES;
				GCC_THUMB_SUPPORT = NO;
				GCC_VERSION = "";
				GCC_WARN_64_TO_32_BIT_CONVERSION = YES;
				GCC_WARN_ABOUT_RETURN_TYPE = YES;
				GCC_WARN_UNDECLARED_SELECTOR = YES;
				GCC_WARN_UNINITIALIZED_AUTOS = YES;
				GCC_WARN_UNUSED_FUNCTION = YES;
				GCC_WARN_UNUSED_VARIABLE = YES;
				SDKROOT = iphoneos;
				SKIP_INSTALL = NO;
				WK_WEB_VIEW_ONLY = 1;
				IPHONEOS_DEPLOYMENT_TARGET = 11.0;
			};
			name = Release;
		};
/* End XCBuildConfiguration section */

/* Begin XCConfigurationList section */
		1D6058960D05DD3E006BFB54 /* Build configuration list for PBXNativeTarget "MyApp" */ = {
			isa = XCConfigurationList;
			buildConfigurations = (
				1D6058940D05DD3E006BFB54 /* Debug */,
				1D6058950D05DD3E006BFB54 /* Release */,
			);
			defaultConfigurationIsVisible = 0;
			defaultConfigurationName = Release;
		};
		C01FCF4E08A954540054247B /* Build configuration list for PBXProject "MyApp" */ = {
			isa = XCConfigurationList;
			buildConfigurations = (
				C01FCF4F08A954540054247B /* Debug */,
				C01FCF5008A954540054247B /* Release */,
			);
			defaultConfigurationIsVisible = 0;
			defaultConfigurationName = Release;
		};
/* End XCConfigurationList section */
	};
	rootObject = 29B97313FDCFA39411CA2CEA /* Project object */;
}
